<?xml version="1.0" encoding="utf-8"?>
<Project ToolsVersion="4.0" xmlns="http://schemas.microsoft.com/developer/msbuild/2003">
  <ItemGroup>
    <Filter Include="源文件">
      <UniqueIdentifier>{4FC737F1-C7A5-4376-A066-2A32D752A2FF}</UniqueIdentifier>
      <Extensions>cpp;c;cc;cxx;c++;cppm;ixx;def;odl;idl;hpj;bat;asm;asmx</Extensions>
    </Filter>
    <Filter Include="头文件">
      <UniqueIdentifier>{93995380-89BD-4b04-88EB-625FBE52EBFB}</UniqueIdentifier>
      <Extensions>h;hh;hpp;hxx;h++;hm;inl;inc;ipp;xsd</Extensions>
    </Filter>
    <Filter Include="资源文件">
      <UniqueIdentifier>{67DA6AB6-F800-4c08-8B7A-83BB121AAD01}</UniqueIdentifier>
      <Extensions>rc;ico;cur;bmp;dlg;rc2;rct;bin;rgs;gif;jpg;jpeg;jpe;resx;tiff;tif;png;wav;mfcribbon-ms</Extensions>
    </Filter>
  </ItemGroup>
  <ItemGroup>
    <ClCompile Include="..\framework_src\include\Motion\ACubismMotion.cpp">
      <Filter>源文件</Filter>
    </ClCompile>
    <ClCompile Include="..\framework_src\include\Type\csmRectF.cpp">
      <Filter>源文件</Filter>
    </ClCompile>
    <ClCompile Include="..\framework_src\include\Type\csmString.cpp">
      <Filter>源文件</Filter>
    </ClCompile>
    <ClCompile Include="..\framework_src\include\Effect\CubismBreath.cpp">
      <Filter>源文件</Filter>
    </ClCompile>
    <ClCompile Include="..\framework_src\include\CubismCdiJson.cpp">
      <Filter>源文件</Filter>
    </ClCompile>
    <ClCompile Include="..\framework_src\include\Utils\CubismDebug.cpp">
      <Filter>源文件</Filter>
    </ClCompile>
    <ClCompile Include="..\framework_src\include\CubismDefaultParameterId.cpp">
      <Filter>源文件</Filter>
    </ClCompile>
    <ClCompile Include="..\framework_src\include\Motion\CubismExpressionMotion.cpp">
      <Filter>源文件</Filter>
    </ClCompile>
    <ClCompile Include="..\framework_src\include\Motion\CubismExpressionMotionManager.cpp">
      <Filter>源文件</Filter>
    </ClCompile>
    <ClCompile Include="..\framework_src\include\Effect\CubismEyeBlink.cpp">
      <Filter>源文件</Filter>
    </ClCompile>
    <ClCompile Include="..\framework_src\include\CubismFramework.cpp">
      <Filter>源文件</Filter>
    </ClCompile>
    <ClCompile Include="..\framework_src\include\Id\CubismId.cpp">
      <Filter>源文件</Filter>
    </ClCompile>
    <ClCompile Include="..\framework_src\include\Id\CubismIdManager.cpp">
      <Filter>源文件</Filter>
    </ClCompile>
    <ClCompile Include="..\framework_src\include\Utils\CubismJson.cpp">
      <Filter>源文件</Filter>
    </ClCompile>
    <ClCompile Include="..\framework_src\include\Math\CubismMath.cpp">
      <Filter>源文件</Filter>
    </ClCompile>
    <ClCompile Include="..\framework_src\include\Math\CubismMatrix44.cpp">
      <Filter>源文件</Filter>
    </ClCompile>
    <ClCompile Include="..\framework_src\include\Model\CubismMoc.cpp">
      <Filter>源文件</Filter>
    </ClCompile>
    <ClCompile Include="..\framework_src\include\Model\CubismModel.cpp">
      <Filter>源文件</Filter>
    </ClCompile>
    <ClCompile Include="..\framework_src\include\Math\CubismModelMatrix.cpp">
      <Filter>源文件</Filter>
    </ClCompile>
    <ClCompile Include="..\framework_src\include\CubismModelSettingJson.cpp">
      <Filter>源文件</Filter>
    </ClCompile>
    <ClCompile Include="..\framework_src\include\Model\CubismModelUserData.cpp">
      <Filter>源文件</Filter>
    </ClCompile>
    <ClCompile Include="..\framework_src\include\Model\CubismModelUserDataJson.cpp">
      <Filter>源文件</Filter>
    </ClCompile>
    <ClCompile Include="..\framework_src\include\Motion\CubismMotion.cpp">
      <Filter>源文件</Filter>
    </ClCompile>
    <ClCompile Include="..\framework_src\include\Motion\CubismMotionJson.cpp">
      <Filter>源文件</Filter>
    </ClCompile>
    <ClCompile Include="..\framework_src\include\Motion\CubismMotionManager.cpp">
      <Filter>源文件</Filter>
    </ClCompile>
    <ClCompile Include="..\framework_src\include\Motion\CubismMotionQueueEntry.cpp">
      <Filter>源文件</Filter>
    </ClCompile>
    <ClCompile Include="..\framework_src\include\Motion\CubismMotionQueueManager.cpp">
      <Filter>源文件</Filter>
    </ClCompile>
    <ClCompile Include="..\framework_src\include\Rendering\D3D11\CubismOffscreenSurface_D3D11.cpp">
      <Filter>源文件</Filter>
    </ClCompile>
    <ClCompile Include="..\framework_src\include\Physics\CubismPhysics.cpp">
      <Filter>源文件</Filter>
    </ClCompile>
    <ClCompile Include="..\framework_src\include\Physics\CubismPhysicsJson.cpp">
      <Filter>源文件</Filter>
    </ClCompile>
    <ClCompile Include="..\framework_src\include\Effect\CubismPose.cpp">
      <Filter>源文件</Filter>
    </ClCompile>
    <ClCompile Include="..\framework_src\include\Rendering\CubismRenderer.cpp">
      <Filter>源文件</Filter>
    </ClCompile>
    <ClCompile Include="..\framework_src\include\Rendering\D3D11\CubismRenderer_D3D11.cpp">
      <Filter>源文件</Filter>
    </ClCompile>
    <ClCompile Include="..\framework_src\include\Rendering\D3D11\CubismRenderState_D3D11.cpp">
      <Filter>源文件</Filter>
    </ClCompile>
    <ClCompile Include="..\framework_src\include\Rendering\D3D11\CubismShader_D3D11.cpp">
      <Filter>源文件</Filter>
    </ClCompile>
    <ClCompile Include="..\framework_src\include\Utils\CubismString.cpp">
      <Filter>源文件</Filter>
    </ClCompile>
    <ClCompile Include="..\framework_src\include\Math\CubismTargetPoint.cpp">
      <Filter>源文件</Filter>
    </ClCompile>
    <ClCompile Include="..\framework_src\include\Model\CubismUserModel.cpp">
      <Filter>源文件</Filter>
    </ClCompile>
    <ClCompile Include="..\framework_src\include\Math\CubismVector2.cpp">
      <Filter>源文件</Filter>
    </ClCompile>
    <ClCompile Include="..\framework_src\include\Math\CubismViewMatrix.cpp">
      <Filter>源文件</Filter>
    </ClCompile>
  </ItemGroup>
  <ItemGroup>
    <ClInclude Include="..\framework_src\include\Effect\CubismBreath.hpp">
      <Filter>头文件</Filter>
    </ClInclude>
    <ClInclude Include="..\framework_src\include\Effect\CubismEyeBlink.hpp">
      <Filter>头文件</Filter>
    </ClInclude>
    <ClInclude Include="..\framework_src\include\Effect\CubismPose.hpp">
      <Filter>头文件</Filter>
    </ClInclude>
    <ClInclude Include="..\framework_src\include\Id\CubismId.hpp">
      <Filter>头文件</Filter>
    </ClInclude>
    <ClInclude Include="..\framework_src\include\Id\CubismIdManager.hpp">
      <Filter>头文件</Filter>
    </ClInclude>
    <ClInclude Include="..\framework_src\include\Math\CubismMath.hpp">
      <Filter>头文件</Filter>
    </ClInclude>
    <ClInclude Include="..\framework_src\include\Math\CubismMatrix44.hpp">
      <Filter>头文件</Filter>
    </ClInclude>
    <ClInclude Include="..\framework_src\include\Math\CubismModelMatrix.hpp">
      <Filter>头文件</Filter>
    </ClInclude>
    <ClInclude Include="..\framework_src\include\Math\CubismTargetPoint.hpp">
      <Filter>头文件</Filter>
    </ClInclude>
    <ClInclude Include="..\framework_src\include\Math\CubismVector2.hpp">
      <Filter>头文件</Filter>
    </ClInclude>
    <ClInclude Include="..\framework_src\include\Math\CubismViewMatrix.hpp">
      <Filter>头文件</Filter>
    </ClInclude>
    <ClInclude Include="..\framework_src\include\Model\CubismMoc.hpp">
      <Filter>头文件</Filter>
    </ClInclude>
    <ClInclude Include="..\framework_src\include\Model\CubismModel.hpp">
      <Filter>头文件</Filter>
    </ClInclude>
    <ClInclude Include="..\framework_src\include\Model\CubismModelUserData.hpp">
      <Filter>头文件</Filter>
    </ClInclude>
    <ClInclude Include="..\framework_src\include\Model\CubismModelUserDataJson.hpp">
      <Filter>头文件</Filter>
    </ClInclude>
    <ClInclude Include="..\framework_src\include\Model\CubismUserModel.hpp">
      <Filter>头文件</Filter>
    </ClInclude>
    <ClInclude Include="..\framework_src\include\Motion\ACubismMotion.hpp">
      <Filter>头文件</Filter>
    </ClInclude>
    <ClInclude Include="..\framework_src\include\Motion\CubismExpressionMotion.hpp">
      <Filter>头文件</Filter>
    </ClInclude>
    <ClInclude Include="..\framework_src\include\Motion\CubismExpressionMotionManager.hpp">
      <Filter>头文件</Filter>
    </ClInclude>
    <ClInclude Include="..\framework_src\include\Motion\CubismMotion.hpp">
      <Filter>头文件</Filter>
    </ClInclude>
    <ClInclude Include="..\framework_src\include\Motion\CubismMotionInternal.hpp">
      <Filter>头文件</Filter>
    </ClInclude>
    <ClInclude Include="..\framework_src\include\Motion\CubismMotionJson.hpp">
      <Filter>头文件</Filter>
    </ClInclude>
    <ClInclude Include="..\framework_src\include\Motion\CubismMotionManager.hpp">
      <Filter>头文件</Filter>
    </ClInclude>
    <ClInclude Include="..\framework_src\include\Motion\CubismMotionQueueEntry.hpp">
      <Filter>头文件</Filter>
    </ClInclude>
    <ClInclude Include="..\framework_src\include\Motion\CubismMotionQueueManager.hpp">
      <Filter>头文件</Filter>
    </ClInclude>
    <ClInclude Include="..\framework_src\include\Physics\CubismPhysics.hpp">
      <Filter>头文件</Filter>
    </ClInclude>
    <ClInclude Include="..\framework_src\include\Physics\CubismPhysicsInternal.hpp">
      <Filter>头文件</Filter>
    </ClInclude>
    <ClInclude Include="..\framework_src\include\Physics\CubismPhysicsJson.hpp">
      <Filter>头文件</Filter>
    </ClInclude>
    <ClInclude Include="..\framework_src\include\Rendering\D3D11\CubismNativeInclude_D3D11.hpp">
      <Filter>头文件</Filter>
    </ClInclude>
    <ClInclude Include="..\framework_src\include\Rendering\D3D11\CubismOffscreenSurface_D3D11.hpp">
      <Filter>头文件</Filter>
    </ClInclude>
    <ClInclude Include="..\framework_src\include\Rendering\D3D11\CubismRenderer_D3D11.hpp">
      <Filter>头文件</Filter>
    </ClInclude>
    <ClInclude Include="..\framework_src\include\Rendering\D3D11\CubismRenderState_D3D11.hpp">
      <Filter>头文件</Filter>
    </ClInclude>
    <ClInclude Include="..\framework_src\include\Rendering\D3D11\CubismShader_D3D11.hpp">
      <Filter>头文件</Filter>
    </ClInclude>
    <ClInclude Include="..\framework_src\include\Rendering\D3D11\CubismType_D3D11.hpp">
      <Filter>头文件</Filter>
    </ClInclude>
    <ClInclude Include="..\framework_src\include\Rendering\CubismClippingManager.hpp">
      <Filter>头文件</Filter>
    </ClInclude>
    <ClInclude Include="..\framework_src\include\Rendering\CubismRenderer.hpp">
      <Filter>头文件</Filter>
    </ClInclude>
    <ClInclude Include="..\framework_src\include\Type\csmMap.hpp">
      <Filter>头文件</Filter>
    </ClInclude>
    <ClInclude Include="..\framework_src\include\Type\csmRectF.hpp">
      <Filter>头文件</Filter>
    </ClInclude>
    <ClInclude Include="..\framework_src\include\Type\csmString.hpp">
      <Filter>头文件</Filter>
    </ClInclude>
    <ClInclude Include="..\framework_src\include\Type\csmVector.hpp">
      <Filter>头文件</Filter>
    </ClInclude>
    <ClInclude Include="..\framework_src\include\Type\CubismBasicType.hpp">
      <Filter>头文件</Filter>
    </ClInclude>
    <ClInclude Include="..\framework_src\include\Utils\CubismDebug.hpp">
      <Filter>头文件</Filter>
    </ClInclude>
    <ClInclude Include="..\framework_src\include\Utils\CubismJson.hpp">
      <Filter>头文件</Filter>
    </ClInclude>
    <ClInclude Include="..\framework_src\include\Utils\CubismString.hpp">
      <Filter>头文件</Filter>
    </ClInclude>
    <ClInclude Include="..\framework_src\include\CubismCdiJson.hpp">
      <Filter>头文件</Filter>
    </ClInclude>
    <ClInclude Include="..\framework_src\include\CubismDefaultParameterId.hpp">
      <Filter>头文件</Filter>
    </ClInclude>
    <ClInclude Include="..\framework_src\include\CubismFramework.hpp">
      <Filter>头文件</Filter>
    </ClInclude>
    <ClInclude Include="..\framework_src\include\CubismFrameworkConfig.hpp">
      <Filter>头文件</Filter>
    </ClInclude>
    <ClInclude Include="..\framework_src\include\CubismJsonHolder.hpp">
      <Filter>头文件</Filter>
    </ClInclude>
    <ClInclude Include="..\framework_src\include\CubismModelSettingJson.hpp">
      <Filter>头文件</Filter>
    </ClInclude>
    <ClInclude Include="..\framework_src\include\ICubismAllocator.hpp">
      <Filter>头文件</Filter>
    </ClInclude>
    <ClInclude Include="..\framework_src\include\ICubismModelSetting.hpp">
      <Filter>头文件</Filter>
    </ClInclude>
    <ClInclude Include="..\framework_src\include\Live2DCubismCore.hpp">
      <Filter>头文件</Filter>
    </ClInclude>
  </ItemGroup>
  <ItemGroup>
    <None Include="..\framework_src\include\Rendering\CubismClippingManager.tpp" />
  </ItemGroup>
</Project>